
Microsoft Visual Studio Solution File, Format Version 12.00
# Visual Studio 15
VisualStudioVersion = 15.0.28010.2003
MinimumVisualStudioVersion = 10.0.40219.1
Project("{FAE04EC0-301F-11D3-BF4B-00C04F79EFBC}") = "PokeDex_lvoss", "PokeDex_lvoss\PokeDex_lvoss.csproj", "{2C0BA480-A74A-41DF-BBF3-287E576DDCEC}"
EndProject
Project("{00D1A9C2-B5F0-4AF3-8072-F6C62B433612}") = "PokeDatabase", "PokeDatabase\PokeDatabase.sqlproj", "{84590A4D-D557-4D56-9188-CB458C495768}"
EndProject
Global
	GlobalSection(SolutionConfigurationPlatforms) = preSolution
		Debug|Any CPU = Debug|Any CPU
		poke_lvoss|Any CPU = poke_lvoss|Any CPU
		Release|Any CPU = Release|Any CPU
	EndGlobalSection
	GlobalSection(ProjectConfigurationPlatforms) = postSolution
		{2C0BA480-A74A-41DF-BBF3-287E576DDCEC}.Debug|Any CPU.ActiveCfg = Debug|Any CPU
		{2C0BA480-A74A-41DF-BBF3-287E576DDCEC}.Debug|Any CPU.Build.0 = Debug|Any CPU
		{2C0BA480-A74A-41DF-BBF3-287E576DDCEC}.poke_lvoss|Any CPU.ActiveCfg = poke_lvoss|Any CPU
		{2C0BA480-A74A-41DF-BBF3-287E576DDCEC}.poke_lvoss|Any CPU.Build.0 = poke_lvoss|Any CPU
		{2C0BA480-A74A-41DF-BBF3-287E576DDCEC}.Release|Any CPU.ActiveCfg = Release|Any CPU
		{2C0BA480-A74A-41DF-BBF3-287E576DDCEC}.Release|Any CPU.Build.0 = Release|Any CPU
		{84590A4D-D557-4D56-9188-CB458C495768}.Debug|Any CPU.ActiveCfg = Debug|Any CPU
		{84590A4D-D557-4D56-9188-CB458C495768}.Debug|Any CPU.Build.0 = Debug|Any CPU
		{84590A4D-D557-4D56-9188-CB458C495768}.Debug|Any CPU.Deploy.0 = Debug|Any CPU
		{84590A4D-D557-4D56-9188-CB458C495768}.poke_lvoss|Any CPU.ActiveCfg = poke_lvoss|Any CPU
		{84590A4D-D557-4D56-9188-CB458C495768}.poke_lvoss|Any CPU.Build.0 = poke_lvoss|Any CPU
		{84590A4D-D557-4D56-9188-CB458C495768}.poke_lvoss|Any CPU.Deploy.0 = poke_lvoss|Any CPU
		{84590A4D-D557-4D56-9188-CB458C495768}.Release|Any CPU.ActiveCfg = Release|Any CPU
		{84590A4D-D557-4D56-9188-CB458C495768}.Release|Any CPU.Build.0 = Release|Any CPU
		{84590A4D-D557-4D56-9188-CB458C495768}.Release|Any CPU.Deploy.0 = Release|Any CPU
	EndGlobalSection
	GlobalSection(SolutionProperties) = preSolution
		HideSolutionNode = FALSE
	EndGlobalSection
	GlobalSection(ExtensibilityGlobals) = postSolution
		SolutionGuid = {AFAAE0E0-5ECE-4D5B-A5F9-5724C877289F}
	EndGlobalSection
EndGlobal
